
Microsoft Visual Studio Solution File, Format Version 12.00
# Visual Studio Version 17
VisualStudioVersion = 17.0.32126.317
MinimumVisualStudioVersion = 10.0.40219.1
Project("{FAE04EC0-301F-11D3-BF4B-00C04F79EFBC}") = "CapacitacionGithub", "CapacitacionGithub\CapacitacionGithub.csproj", "{FFAF83F6-1283-4D06-97A9-5CC0BA38CC23}"
EndProject
Global
	GlobalSection(SolutionConfigurationPlatforms) = preSolution
		Debug|Any CPU = Debug|Any CPU
		Release|Any CPU = Release|Any CPU
	EndGlobalSection
	GlobalSection(ProjectConfigurationPlatforms) = postSolution
		{FFAF83F6-1283-4D06-97A9-5CC0BA38CC23}.Debug|Any CPU.ActiveCfg = Debug|Any CPU
		{FFAF83F6-1283-4D06-97A9-5CC0BA38CC23}.Debug|Any CPU.Build.0 = Debug|Any CPU
		{FFAF83F6-1283-4D06-97A9-5CC0BA38CC23}.Release|Any CPU.ActiveCfg = Release|Any CPU
		{FFAF83F6-1283-4D06-97A9-5CC0BA38CC23}.Release|Any CPU.Build.0 = Release|Any CPU
	EndGlobalSection
	GlobalSection(SolutionProperties) = preSolution
		HideSolutionNode = FALSE
	EndGlobalSection
	GlobalSection(ExtensibilityGlobals) = postSolution
		SolutionGuid = {53C0A208-BE47-4314-B7AD-FA43C21CBCD6}
	EndGlobalSection
EndGlobal
